
Microsoft Visual Studio Solution File, Format Version 12.00
# Visual Studio 15
VisualStudioVersion = 15.0.28307.572
MinimumVisualStudioVersion = 10.0.40219.1
Project("{9A19103F-16F7-4668-BE54-9A1E7A4F7556}") = "VideoProcessorModule", "EdgeDevice\modules\VideoProcessorModule\VideoProcessorModule.csproj", "{093B6C59-CCE5-4728-8C6C-0C62AA6F0E86}"
EndProject
Global
	GlobalSection(SolutionConfigurationPlatforms) = preSolution
		Debug|Any CPU = Debug|Any CPU
		Release|Any CPU = Release|Any CPU
	EndGlobalSection
	GlobalSection(ProjectConfigurationPlatforms) = postSolution
		{093B6C59-CCE5-4728-8C6C-0C62AA6F0E86}.Debug|Any CPU.ActiveCfg = Debug|Any CPU
		{093B6C59-CCE5-4728-8C6C-0C62AA6F0E86}.Debug|Any CPU.Build.0 = Debug|Any CPU
		{093B6C59-CCE5-4728-8C6C-0C62AA6F0E86}.Release|Any CPU.ActiveCfg = Release|Any CPU
		{093B6C59-CCE5-4728-8C6C-0C62AA6F0E86}.Release|Any CPU.Build.0 = Release|Any CPU
	EndGlobalSection
	GlobalSection(SolutionProperties) = preSolution
		HideSolutionNode = FALSE
	EndGlobalSection
	GlobalSection(ExtensibilityGlobals) = postSolution
		SolutionGuid = {A3FF6FB0-04A2-40A7-92CB-D1ED56BDC269}
	EndGlobalSection
EndGlobal
