
Microsoft Visual Studio Solution File, Format Version 12.00
# Visual Studio 15
VisualStudioVersion = 15.0.26124.0
MinimumVisualStudioVersion = 15.0.26124.0
Project("{2150E333-8FDC-42A3-9474-1A3956D46DE8}") = "device-telemetry", "device-telemetry", "{1E149DA3-0A5A-41A3-809B-EC9546336F8F}"
EndProject
Project("{9A19103F-16F7-4668-BE54-9A1E7A4F7556}") = "Services", "device-telemetry\Services\Services.csproj", "{4CB77D8E-DD70-481F-B7C5-639A66809AC9}"
EndProject
Project("{9A19103F-16F7-4668-BE54-9A1E7A4F7556}") = "Services.Test", "device-telemetry\Services.Test\Services.Test.csproj", "{32CA1D58-7BE4-4215-9FBD-6B8A1F758803}"
EndProject
Project("{9A19103F-16F7-4668-BE54-9A1E7A4F7556}") = "WebService", "device-telemetry\WebService\WebService.csproj", "{8D2C0A15-732A-4D30-8171-EAB91E005F48}"
EndProject
Project("{9A19103F-16F7-4668-BE54-9A1E7A4F7556}") = "WebService.Test", "device-telemetry\WebService.Test\WebService.Test.csproj", "{AD868687-C27D-41E4-BA37-464E1513008C}"
EndProject
Project("{2150E333-8FDC-42A3-9474-1A3956D46DE8}") = "iothub-manager", "iothub-manager", "{3D5ADBC7-89F4-4C08-8CC0-809D87FA152A}"
EndProject
Project("{9A19103F-16F7-4668-BE54-9A1E7A4F7556}") = "Services", "iothub-manager\Services\Services.csproj", "{F47A3C18-D996-41C0-988D-901B782F0892}"
EndProject
Project("{9A19103F-16F7-4668-BE54-9A1E7A4F7556}") = "Services.Test", "iothub-manager\Services.Test\Services.Test.csproj", "{7A4E8BA7-9F67-4055-8D6B-34A4FB824F56}"
EndProject
Project("{9A19103F-16F7-4668-BE54-9A1E7A4F7556}") = "WebService", "iothub-manager\WebService\WebService.csproj", "{F4F0397E-71BC-4A00-91EA-619872B992B1}"
EndProject
Project("{9A19103F-16F7-4668-BE54-9A1E7A4F7556}") = "WebService.Test", "iothub-manager\WebService.Test\WebService.Test.csproj", "{D11EBE09-C8F3-4168-97CD-8D64E764A780}"
EndProject
Project("{2150E333-8FDC-42A3-9474-1A3956D46DE8}") = "config", "config", "{C3ACFC91-515E-4229-9CF5-1D12FBF14CF3}"
EndProject
Project("{9A19103F-16F7-4668-BE54-9A1E7A4F7556}") = "Services", "config\Services\Services.csproj", "{FA95E536-75D1-4346-963E-920DDA0B5146}"
EndProject
Project("{9A19103F-16F7-4668-BE54-9A1E7A4F7556}") = "Services.Test", "config\Services.Test\Services.Test.csproj", "{63BE407B-6A77-4453-A476-8976AF0532C6}"
EndProject
Project("{9A19103F-16F7-4668-BE54-9A1E7A4F7556}") = "WebService", "config\WebService\WebService.csproj", "{41C69096-04E9-45F4-AFCF-C9359C11DA93}"
EndProject
Project("{9A19103F-16F7-4668-BE54-9A1E7A4F7556}") = "WebService.Test", "config\WebService.Test\WebService.Test.csproj", "{8630CEE5-CAA9-42A2-BBEE-22937D5C1AD0}"
EndProject
Project("{2150E333-8FDC-42A3-9474-1A3956D46DE8}") = "storage-adapter", "storage-adapter", "{AAF4FB3E-29B8-4A42-89AD-CA7687FC0A79}"
EndProject
Project("{9A19103F-16F7-4668-BE54-9A1E7A4F7556}") = "Services", "storage-adapter\Services\Services.csproj", "{2BA6AC78-7778-493D-8A71-30ED71401C7C}"
EndProject
Project("{9A19103F-16F7-4668-BE54-9A1E7A4F7556}") = "Services.Test", "storage-adapter\Services.Test\Services.Test.csproj", "{C82069A2-B682-46B4-88D8-541E3D28A503}"
EndProject
Project("{9A19103F-16F7-4668-BE54-9A1E7A4F7556}") = "WebService", "storage-adapter\WebService\WebService.csproj", "{6186F128-CAED-477E-A5A3-E3D7B50F19FE}"
EndProject
Project("{9A19103F-16F7-4668-BE54-9A1E7A4F7556}") = "WebService.Test", "storage-adapter\WebService.Test\WebService.Test.csproj", "{225A9E49-1F60-403A-9405-C6E578097126}"
EndProject
Project("{2150E333-8FDC-42A3-9474-1A3956D46DE8}") = "auth", "auth", "{238D8300-836A-40F0-B0FE-FBF9A862085B}"
EndProject
Project("{9A19103F-16F7-4668-BE54-9A1E7A4F7556}") = "Services", "auth\Services\Services.csproj", "{B963EC18-FDE8-4164-B07B-443C818DCC74}"
EndProject
Project("{9A19103F-16F7-4668-BE54-9A1E7A4F7556}") = "Services.Test", "auth\Services.Test\Services.Test.csproj", "{FE3FB16C-A9D9-4F69-BD56-6FEE8D80C7AF}"
EndProject
Project("{9A19103F-16F7-4668-BE54-9A1E7A4F7556}") = "WebService", "auth\WebService\WebService.csproj", "{2F19F20D-1C10-41A9-9711-E882ECF9A872}"
EndProject
Project("{9A19103F-16F7-4668-BE54-9A1E7A4F7556}") = "WebService.Test", "auth\WebService.Test\WebService.Test.csproj", "{48137C82-14E7-4183-A253-7002AE538830}"
EndProject
Project("{2150E333-8FDC-42A3-9474-1A3956D46DE8}") = "asa-manager", "asa-manager", "{0AFA0D3C-B383-4D62-BB98-B41AB1113CE5}"
EndProject
Project("{9A19103F-16F7-4668-BE54-9A1E7A4F7556}") = "Services", "asa-manager\Services\Services.csproj", "{AFB5CBBF-C607-4830-B28C-033C298FD0DA}"
EndProject
Project("{9A19103F-16F7-4668-BE54-9A1E7A4F7556}") = "Services.Test", "asa-manager\Services.Test\Services.Test.csproj", "{D0477EA0-2A7E-4A7A-B2C6-E29926D85EE3}"
EndProject
Project("{9A19103F-16F7-4668-BE54-9A1E7A4F7556}") = "WebService", "asa-manager\WebService\WebService.csproj", "{48BFE69F-73AE-4567-9812-2A65B2271500}"
	ProjectSection(ProjectDependencies) = postProject
		{8D2C0A15-732A-4D30-8171-EAB91E005F48} = {8D2C0A15-732A-4D30-8171-EAB91E005F48}
		{6186F128-CAED-477E-A5A3-E3D7B50F19FE} = {6186F128-CAED-477E-A5A3-E3D7B50F19FE}
		{F4F0397E-71BC-4A00-91EA-619872B992B1} = {F4F0397E-71BC-4A00-91EA-619872B992B1}
		{41C69096-04E9-45F4-AFCF-C9359C11DA93} = {41C69096-04E9-45F4-AFCF-C9359C11DA93}
	EndProjectSection
EndProject
Project("{9A19103F-16F7-4668-BE54-9A1E7A4F7556}") = "WebService.Test", "asa-manager\WebService.Test\WebService.Test.csproj", "{7B1B2166-E8E6-4775-A51A-D9AEF19BF1DD}"
EndProject
Project("{9A19103F-16F7-4668-BE54-9A1E7A4F7556}") = "DeviceGroupsAgent", "asa-manager\DeviceGroupsAgent\DeviceGroupsAgent.csproj", "{155A39F6-F18C-416F-BE86-A41E7F33C4E3}"
EndProject
Project("{9A19103F-16F7-4668-BE54-9A1E7A4F7556}") = "DeviceGroupsAgent.Test", "asa-manager\DeviceGroupsAgent.Test\DeviceGroupsAgent.Test.csproj", "{380DF441-AA67-4D4E-B362-A05D22FB0309}"
EndProject
Project("{9A19103F-16F7-4668-BE54-9A1E7A4F7556}") = "SetupAgent", "asa-manager\SetupAgent\SetupAgent.csproj", "{FF2A5A52-F379-4B78-B7F2-84040FCC5E6A}"
EndProject
Project("{9A19103F-16F7-4668-BE54-9A1E7A4F7556}") = "SetupAgent.Test", "asa-manager\SetupAgent.Test\SetupAgent.Test.csproj", "{5C53820D-CDE2-4E19-8BBA-4435A06EE5DD}"
EndProject
Project("{9A19103F-16F7-4668-BE54-9A1E7A4F7556}") = "TelemetryRulesAgent", "asa-manager\TelemetryRulesAgent\TelemetryRulesAgent.csproj", "{0B438D45-CC81-4E94-953A-99626175EBE5}"
EndProject
Project("{9A19103F-16F7-4668-BE54-9A1E7A4F7556}") = "TelemetryRulesAgent.Test", "asa-manager\TelemetryRulesAgent.Test\TelemetryRulesAgent.Test.csproj", "{8BF4960A-D0C0-4A83-8B44-A81B199BF1DB}"
EndProject
Project("{9A19103F-16F7-4668-BE54-9A1E7A4F7556}") = "RecurringTasksAgent", "iothub-manager\RecurringTasksAgent\RecurringTasksAgent.csproj", "{76B4FC5C-D3B4-4FE5-878E-3C6B824B3DD0}"
EndProject
Project("{9A19103F-16F7-4668-BE54-9A1E7A4F7556}") = "ActionsAgent", "device-telemetry\ActionsAgent\ActionsAgent.csproj", "{C855C11E-DA99-4476-92EE-1EF776B03CC4}"
EndProject
Project("{9A19103F-16F7-4668-BE54-9A1E7A4F7556}") = "ActionsAgent.Test", "device-telemetry\ActionsAgent.Test\ActionsAgent.Test.csproj", "{138AB8E9-7DE1-4528-AAAB-004A85753DFA}"
EndProject
Global
	GlobalSection(SolutionConfigurationPlatforms) = preSolution
		Debug|Any CPU = Debug|Any CPU
		Debug|x64 = Debug|x64
		Debug|x86 = Debug|x86
		Release|Any CPU = Release|Any CPU
		Release|x64 = Release|x64
		Release|x86 = Release|x86
	EndGlobalSection
	GlobalSection(ProjectConfigurationPlatforms) = postSolution
		{4CB77D8E-DD70-481F-B7C5-639A66809AC9}.Debug|Any CPU.ActiveCfg = Debug|Any CPU
		{4CB77D8E-DD70-481F-B7C5-639A66809AC9}.Debug|Any CPU.Build.0 = Debug|Any CPU
		{4CB77D8E-DD70-481F-B7C5-639A66809AC9}.Debug|x64.ActiveCfg = Debug|Any CPU
		{4CB77D8E-DD70-481F-B7C5-639A66809AC9}.Debug|x64.Build.0 = Debug|Any CPU
		{4CB77D8E-DD70-481F-B7C5-639A66809AC9}.Debug|x86.ActiveCfg = Debug|Any CPU
		{4CB77D8E-DD70-481F-B7C5-639A66809AC9}.Debug|x86.Build.0 = Debug|Any CPU
		{4CB77D8E-DD70-481F-B7C5-639A66809AC9}.Release|Any CPU.ActiveCfg = Release|Any CPU
		{4CB77D8E-DD70-481F-B7C5-639A66809AC9}.Release|Any CPU.Build.0 = Release|Any CPU
		{4CB77D8E-DD70-481F-B7C5-639A66809AC9}.Release|x64.ActiveCfg = Release|Any CPU
		{4CB77D8E-DD70-481F-B7C5-639A66809AC9}.Release|x64.Build.0 = Release|Any CPU
		{4CB77D8E-DD70-481F-B7C5-639A66809AC9}.Release|x86.ActiveCfg = Release|Any CPU
		{4CB77D8E-DD70-481F-B7C5-639A66809AC9}.Release|x86.Build.0 = Release|Any CPU
		{32CA1D58-7BE4-4215-9FBD-6B8A1F758803}.Debug|Any CPU.ActiveCfg = Debug|Any CPU
		{32CA1D58-7BE4-4215-9FBD-6B8A1F758803}.Debug|Any CPU.Build.0 = Debug|Any CPU
		{32CA1D58-7BE4-4215-9FBD-6B8A1F758803}.Debug|x64.ActiveCfg = Debug|Any CPU
		{32CA1D58-7BE4-4215-9FBD-6B8A1F758803}.Debug|x64.Build.0 = Debug|Any CPU
		{32CA1D58-7BE4-4215-9FBD-6B8A1F758803}.Debug|x86.ActiveCfg = Debug|Any CPU
		{32CA1D58-7BE4-4215-9FBD-6B8A1F758803}.Debug|x86.Build.0 = Debug|Any CPU
		{32CA1D58-7BE4-4215-9FBD-6B8A1F758803}.Release|Any CPU.ActiveCfg = Release|Any CPU
		{32CA1D58-7BE4-4215-9FBD-6B8A1F758803}.Release|Any CPU.Build.0 = Release|Any CPU
		{32CA1D58-7BE4-4215-9FBD-6B8A1F758803}.Release|x64.ActiveCfg = Release|Any CPU
		{32CA1D58-7BE4-4215-9FBD-6B8A1F758803}.Release|x64.Build.0 = Release|Any CPU
		{32CA1D58-7BE4-4215-9FBD-6B8A1F758803}.Release|x86.ActiveCfg = Release|Any CPU
		{32CA1D58-7BE4-4215-9FBD-6B8A1F758803}.Release|x86.Build.0 = Release|Any CPU
		{8D2C0A15-732A-4D30-8171-EAB91E005F48}.Debug|Any CPU.ActiveCfg = Debug|Any CPU
		{8D2C0A15-732A-4D30-8171-EAB91E005F48}.Debug|Any CPU.Build.0 = Debug|Any CPU
		{8D2C0A15-732A-4D30-8171-EAB91E005F48}.Debug|x64.ActiveCfg = Debug|Any CPU
		{8D2C0A15-732A-4D30-8171-EAB91E005F48}.Debug|x64.Build.0 = Debug|Any CPU
		{8D2C0A15-732A-4D30-8171-EAB91E005F48}.Debug|x86.ActiveCfg = Debug|Any CPU
		{8D2C0A15-732A-4D30-8171-EAB91E005F48}.Debug|x86.Build.0 = Debug|Any CPU
		{8D2C0A15-732A-4D30-8171-EAB91E005F48}.Release|Any CPU.ActiveCfg = Release|Any CPU
		{8D2C0A15-732A-4D30-8171-EAB91E005F48}.Release|Any CPU.Build.0 = Release|Any CPU
		{8D2C0A15-732A-4D30-8171-EAB91E005F48}.Release|x64.ActiveCfg = Release|Any CPU
		{8D2C0A15-732A-4D30-8171-EAB91E005F48}.Release|x64.Build.0 = Release|Any CPU
		{8D2C0A15-732A-4D30-8171-EAB91E005F48}.Release|x86.ActiveCfg = Release|Any CPU
		{8D2C0A15-732A-4D30-8171-EAB91E005F48}.Release|x86.Build.0 = Release|Any CPU
		{AD868687-C27D-41E4-BA37-464E1513008C}.Debug|Any CPU.ActiveCfg = Debug|Any CPU
		{AD868687-C27D-41E4-BA37-464E1513008C}.Debug|Any CPU.Build.0 = Debug|Any CPU
		{AD868687-C27D-41E4-BA37-464E1513008C}.Debug|x64.ActiveCfg = Debug|Any CPU
		{AD868687-C27D-41E4-BA37-464E1513008C}.Debug|x64.Build.0 = Debug|Any CPU
		{AD868687-C27D-41E4-BA37-464E1513008C}.Debug|x86.ActiveCfg = Debug|Any CPU
		{AD868687-C27D-41E4-BA37-464E1513008C}.Debug|x86.Build.0 = Debug|Any CPU
		{AD868687-C27D-41E4-BA37-464E1513008C}.Release|Any CPU.ActiveCfg = Release|Any CPU
		{AD868687-C27D-41E4-BA37-464E1513008C}.Release|Any CPU.Build.0 = Release|Any CPU
		{AD868687-C27D-41E4-BA37-464E1513008C}.Release|x64.ActiveCfg = Release|Any CPU
		{AD868687-C27D-41E4-BA37-464E1513008C}.Release|x64.Build.0 = Release|Any CPU
		{AD868687-C27D-41E4-BA37-464E1513008C}.Release|x86.ActiveCfg = Release|Any CPU
		{AD868687-C27D-41E4-BA37-464E1513008C}.Release|x86.Build.0 = Release|Any CPU
		{F47A3C18-D996-41C0-988D-901B782F0892}.Debug|Any CPU.ActiveCfg = Debug|Any CPU
		{F47A3C18-D996-41C0-988D-901B782F0892}.Debug|Any CPU.Build.0 = Debug|Any CPU
		{F47A3C18-D996-41C0-988D-901B782F0892}.Debug|x64.ActiveCfg = Debug|Any CPU
		{F47A3C18-D996-41C0-988D-901B782F0892}.Debug|x64.Build.0 = Debug|Any CPU
		{F47A3C18-D996-41C0-988D-901B782F0892}.Debug|x86.ActiveCfg = Debug|Any CPU
		{F47A3C18-D996-41C0-988D-901B782F0892}.Debug|x86.Build.0 = Debug|Any CPU
		{F47A3C18-D996-41C0-988D-901B782F0892}.Release|Any CPU.ActiveCfg = Release|Any CPU
		{F47A3C18-D996-41C0-988D-901B782F0892}.Release|Any CPU.Build.0 = Release|Any CPU
		{F47A3C18-D996-41C0-988D-901B782F0892}.Release|x64.ActiveCfg = Release|Any CPU
		{F47A3C18-D996-41C0-988D-901B782F0892}.Release|x64.Build.0 = Release|Any CPU
		{F47A3C18-D996-41C0-988D-901B782F0892}.Release|x86.ActiveCfg = Release|Any CPU
		{F47A3C18-D996-41C0-988D-901B782F0892}.Release|x86.Build.0 = Release|Any CPU
		{7A4E8BA7-9F67-4055-8D6B-34A4FB824F56}.Debug|Any CPU.ActiveCfg = Debug|Any CPU
		{7A4E8BA7-9F67-4055-8D6B-34A4FB824F56}.Debug|Any CPU.Build.0 = Debug|Any CPU
		{7A4E8BA7-9F67-4055-8D6B-34A4FB824F56}.Debug|x64.ActiveCfg = Debug|Any CPU
		{7A4E8BA7-9F67-4055-8D6B-34A4FB824F56}.Debug|x64.Build.0 = Debug|Any CPU
		{7A4E8BA7-9F67-4055-8D6B-34A4FB824F56}.Debug|x86.ActiveCfg = Debug|Any CPU
		{7A4E8BA7-9F67-4055-8D6B-34A4FB824F56}.Debug|x86.Build.0 = Debug|Any CPU
		{7A4E8BA7-9F67-4055-8D6B-34A4FB824F56}.Release|Any CPU.ActiveCfg = Release|Any CPU
		{7A4E8BA7-9F67-4055-8D6B-34A4FB824F56}.Release|Any CPU.Build.0 = Release|Any CPU
		{7A4E8BA7-9F67-4055-8D6B-34A4FB824F56}.Release|x64.ActiveCfg = Release|Any CPU
		{7A4E8BA7-9F67-4055-8D6B-34A4FB824F56}.Release|x64.Build.0 = Release|Any CPU
		{7A4E8BA7-9F67-4055-8D6B-34A4FB824F56}.Release|x86.ActiveCfg = Release|Any CPU
		{7A4E8BA7-9F67-4055-8D6B-34A4FB824F56}.Release|x86.Build.0 = Release|Any CPU
		{F4F0397E-71BC-4A00-91EA-619872B992B1}.Debug|Any CPU.ActiveCfg = Debug|Any CPU
		{F4F0397E-71BC-4A00-91EA-619872B992B1}.Debug|Any CPU.Build.0 = Debug|Any CPU
		{F4F0397E-71BC-4A00-91EA-619872B992B1}.Debug|x64.ActiveCfg = Debug|Any CPU
		{F4F0397E-71BC-4A00-91EA-619872B992B1}.Debug|x64.Build.0 = Debug|Any CPU
		{F4F0397E-71BC-4A00-91EA-619872B992B1}.Debug|x86.ActiveCfg = Debug|Any CPU
		{F4F0397E-71BC-4A00-91EA-619872B992B1}.Debug|x86.Build.0 = Debug|Any CPU
		{F4F0397E-71BC-4A00-91EA-619872B992B1}.Release|Any CPU.ActiveCfg = Release|Any CPU
		{F4F0397E-71BC-4A00-91EA-619872B992B1}.Release|Any CPU.Build.0 = Release|Any CPU
		{F4F0397E-71BC-4A00-91EA-619872B992B1}.Release|x64.ActiveCfg = Release|Any CPU
		{F4F0397E-71BC-4A00-91EA-619872B992B1}.Release|x64.Build.0 = Release|Any CPU
		{F4F0397E-71BC-4A00-91EA-619872B992B1}.Release|x86.ActiveCfg = Release|Any CPU
		{F4F0397E-71BC-4A00-91EA-619872B992B1}.Release|x86.Build.0 = Release|Any CPU
		{D11EBE09-C8F3-4168-97CD-8D64E764A780}.Debug|Any CPU.ActiveCfg = Debug|Any CPU
		{D11EBE09-C8F3-4168-97CD-8D64E764A780}.Debug|Any CPU.Build.0 = Debug|Any CPU
		{D11EBE09-C8F3-4168-97CD-8D64E764A780}.Debug|x64.ActiveCfg = Debug|Any CPU
		{D11EBE09-C8F3-4168-97CD-8D64E764A780}.Debug|x64.Build.0 = Debug|Any CPU
		{D11EBE09-C8F3-4168-97CD-8D64E764A780}.Debug|x86.ActiveCfg = Debug|Any CPU
		{D11EBE09-C8F3-4168-97CD-8D64E764A780}.Debug|x86.Build.0 = Debug|Any CPU
		{D11EBE09-C8F3-4168-97CD-8D64E764A780}.Release|Any CPU.ActiveCfg = Release|Any CPU
		{D11EBE09-C8F3-4168-97CD-8D64E764A780}.Release|Any CPU.Build.0 = Release|Any CPU
		{D11EBE09-C8F3-4168-97CD-8D64E764A780}.Release|x64.ActiveCfg = Release|Any CPU
		{D11EBE09-C8F3-4168-97CD-8D64E764A780}.Release|x64.Build.0 = Release|Any CPU
		{D11EBE09-C8F3-4168-97CD-8D64E764A780}.Release|x86.ActiveCfg = Release|Any CPU
		{D11EBE09-C8F3-4168-97CD-8D64E764A780}.Release|x86.Build.0 = Release|Any CPU
		{FA95E536-75D1-4346-963E-920DDA0B5146}.Debug|Any CPU.ActiveCfg = Debug|Any CPU
		{FA95E536-75D1-4346-963E-920DDA0B5146}.Debug|Any CPU.Build.0 = Debug|Any CPU
		{FA95E536-75D1-4346-963E-920DDA0B5146}.Debug|x64.ActiveCfg = Debug|Any CPU
		{FA95E536-75D1-4346-963E-920DDA0B5146}.Debug|x64.Build.0 = Debug|Any CPU
		{FA95E536-75D1-4346-963E-920DDA0B5146}.Debug|x86.ActiveCfg = Debug|Any CPU
		{FA95E536-75D1-4346-963E-920DDA0B5146}.Debug|x86.Build.0 = Debug|Any CPU
		{FA95E536-75D1-4346-963E-920DDA0B5146}.Release|Any CPU.ActiveCfg = Release|Any CPU
		{FA95E536-75D1-4346-963E-920DDA0B5146}.Release|Any CPU.Build.0 = Release|Any CPU
		{FA95E536-75D1-4346-963E-920DDA0B5146}.Release|x64.ActiveCfg = Release|Any CPU
		{FA95E536-75D1-4346-963E-920DDA0B5146}.Release|x64.Build.0 = Release|Any CPU
		{FA95E536-75D1-4346-963E-920DDA0B5146}.Release|x86.ActiveCfg = Release|Any CPU
		{FA95E536-75D1-4346-963E-920DDA0B5146}.Release|x86.Build.0 = Release|Any CPU
		{63BE407B-6A77-4453-A476-8976AF0532C6}.Debug|Any CPU.ActiveCfg = Debug|Any CPU
		{63BE407B-6A77-4453-A476-8976AF0532C6}.Debug|Any CPU.Build.0 = Debug|Any CPU
		{63BE407B-6A77-4453-A476-8976AF0532C6}.Debug|x64.ActiveCfg = Debug|Any CPU
		{63BE407B-6A77-4453-A476-8976AF0532C6}.Debug|x64.Build.0 = Debug|Any CPU
		{63BE407B-6A77-4453-A476-8976AF0532C6}.Debug|x86.ActiveCfg = Debug|Any CPU
		{63BE407B-6A77-4453-A476-8976AF0532C6}.Debug|x86.Build.0 = Debug|Any CPU
		{63BE407B-6A77-4453-A476-8976AF0532C6}.Release|Any CPU.ActiveCfg = Release|Any CPU
		{63BE407B-6A77-4453-A476-8976AF0532C6}.Release|Any CPU.Build.0 = Release|Any CPU
		{63BE407B-6A77-4453-A476-8976AF0532C6}.Release|x64.ActiveCfg = Release|Any CPU
		{63BE407B-6A77-4453-A476-8976AF0532C6}.Release|x64.Build.0 = Release|Any CPU
		{63BE407B-6A77-4453-A476-8976AF0532C6}.Release|x86.ActiveCfg = Release|Any CPU
		{63BE407B-6A77-4453-A476-8976AF0532C6}.Release|x86.Build.0 = Release|Any CPU
		{41C69096-04E9-45F4-AFCF-C9359C11DA93}.Debug|Any CPU.ActiveCfg = Debug|Any CPU
		{41C69096-04E9-45F4-AFCF-C9359C11DA93}.Debug|Any CPU.Build.0 = Debug|Any CPU
		{41C69096-04E9-45F4-AFCF-C9359C11DA93}.Debug|x64.ActiveCfg = Debug|Any CPU
		{41C69096-04E9-45F4-AFCF-C9359C11DA93}.Debug|x64.Build.0 = Debug|Any CPU
		{41C69096-04E9-45F4-AFCF-C9359C11DA93}.Debug|x86.ActiveCfg = Debug|Any CPU
		{41C69096-04E9-45F4-AFCF-C9359C11DA93}.Debug|x86.Build.0 = Debug|Any CPU
		{41C69096-04E9-45F4-AFCF-C9359C11DA93}.Release|Any CPU.ActiveCfg = Release|Any CPU
		{41C69096-04E9-45F4-AFCF-C9359C11DA93}.Release|Any CPU.Build.0 = Release|Any CPU
		{41C69096-04E9-45F4-AFCF-C9359C11DA93}.Release|x64.ActiveCfg = Release|Any CPU
		{41C69096-04E9-45F4-AFCF-C9359C11DA93}.Release|x64.Build.0 = Release|Any CPU
		{41C69096-04E9-45F4-AFCF-C9359C11DA93}.Release|x86.ActiveCfg = Release|Any CPU
		{41C69096-04E9-45F4-AFCF-C9359C11DA93}.Release|x86.Build.0 = Release|Any CPU
		{8630CEE5-CAA9-42A2-BBEE-22937D5C1AD0}.Debug|Any CPU.ActiveCfg = Debug|Any CPU
		{8630CEE5-CAA9-42A2-BBEE-22937D5C1AD0}.Debug|Any CPU.Build.0 = Debug|Any CPU
		{8630CEE5-CAA9-42A2-BBEE-22937D5C1AD0}.Debug|x64.ActiveCfg = Debug|Any CPU
		{8630CEE5-CAA9-42A2-BBEE-22937D5C1AD0}.Debug|x64.Build.0 = Debug|Any CPU
		{8630CEE5-CAA9-42A2-BBEE-22937D5C1AD0}.Debug|x86.ActiveCfg = Debug|Any CPU
		{8630CEE5-CAA9-42A2-BBEE-22937D5C1AD0}.Debug|x86.Build.0 = Debug|Any CPU
		{8630CEE5-CAA9-42A2-BBEE-22937D5C1AD0}.Release|Any CPU.ActiveCfg = Release|Any CPU
		{8630CEE5-CAA9-42A2-BBEE-22937D5C1AD0}.Release|Any CPU.Build.0 = Release|Any CPU
		{8630CEE5-CAA9-42A2-BBEE-22937D5C1AD0}.Release|x64.ActiveCfg = Release|Any CPU
		{8630CEE5-CAA9-42A2-BBEE-22937D5C1AD0}.Release|x64.Build.0 = Release|Any CPU
		{8630CEE5-CAA9-42A2-BBEE-22937D5C1AD0}.Release|x86.ActiveCfg = Release|Any CPU
		{8630CEE5-CAA9-42A2-BBEE-22937D5C1AD0}.Release|x86.Build.0 = Release|Any CPU
		{2BA6AC78-7778-493D-8A71-30ED71401C7C}.Debug|Any CPU.ActiveCfg = Debug|Any CPU
		{2BA6AC78-7778-493D-8A71-30ED71401C7C}.Debug|Any CPU.Build.0 = Debug|Any CPU
		{2BA6AC78-7778-493D-8A71-30ED71401C7C}.Debug|x64.ActiveCfg = Debug|Any CPU
		{2BA6AC78-7778-493D-8A71-30ED71401C7C}.Debug|x64.Build.0 = Debug|Any CPU
		{2BA6AC78-7778-493D-8A71-30ED71401C7C}.Debug|x86.ActiveCfg = Debug|Any CPU
		{2BA6AC78-7778-493D-8A71-30ED71401C7C}.Debug|x86.Build.0 = Debug|Any CPU
		{2BA6AC78-7778-493D-8A71-30ED71401C7C}.Release|Any CPU.ActiveCfg = Release|Any CPU
		{2BA6AC78-7778-493D-8A71-30ED71401C7C}.Release|Any CPU.Build.0 = Release|Any CPU
		{2BA6AC78-7778-493D-8A71-30ED71401C7C}.Release|x64.ActiveCfg = Release|Any CPU
		{2BA6AC78-7778-493D-8A71-30ED71401C7C}.Release|x64.Build.0 = Release|Any CPU
		{2BA6AC78-7778-493D-8A71-30ED71401C7C}.Release|x86.ActiveCfg = Release|Any CPU
		{2BA6AC78-7778-493D-8A71-30ED71401C7C}.Release|x86.Build.0 = Release|Any CPU
		{C82069A2-B682-46B4-88D8-541E3D28A503}.Debug|Any CPU.ActiveCfg = Debug|Any CPU
		{C82069A2-B682-46B4-88D8-541E3D28A503}.Debug|Any CPU.Build.0 = Debug|Any CPU
		{C82069A2-B682-46B4-88D8-541E3D28A503}.Debug|x64.ActiveCfg = Debug|Any CPU
		{C82069A2-B682-46B4-88D8-541E3D28A503}.Debug|x64.Build.0 = Debug|Any CPU
		{C82069A2-B682-46B4-88D8-541E3D28A503}.Debug|x86.ActiveCfg = Debug|Any CPU
		{C82069A2-B682-46B4-88D8-541E3D28A503}.Debug|x86.Build.0 = Debug|Any CPU
		{C82069A2-B682-46B4-88D8-541E3D28A503}.Release|Any CPU.ActiveCfg = Release|Any CPU
		{C82069A2-B682-46B4-88D8-541E3D28A503}.Release|Any CPU.Build.0 = Release|Any CPU
		{C82069A2-B682-46B4-88D8-541E3D28A503}.Release|x64.ActiveCfg = Release|Any CPU
		{C82069A2-B682-46B4-88D8-541E3D28A503}.Release|x64.Build.0 = Release|Any CPU
		{C82069A2-B682-46B4-88D8-541E3D28A503}.Release|x86.ActiveCfg = Release|Any CPU
		{C82069A2-B682-46B4-88D8-541E3D28A503}.Release|x86.Build.0 = Release|Any CPU
		{6186F128-CAED-477E-A5A3-E3D7B50F19FE}.Debug|Any CPU.ActiveCfg = Debug|Any CPU
		{6186F128-CAED-477E-A5A3-E3D7B50F19FE}.Debug|Any CPU.Build.0 = Debug|Any CPU
		{6186F128-CAED-477E-A5A3-E3D7B50F19FE}.Debug|x64.ActiveCfg = Debug|Any CPU
		{6186F128-CAED-477E-A5A3-E3D7B50F19FE}.Debug|x64.Build.0 = Debug|Any CPU
		{6186F128-CAED-477E-A5A3-E3D7B50F19FE}.Debug|x86.ActiveCfg = Debug|Any CPU
		{6186F128-CAED-477E-A5A3-E3D7B50F19FE}.Debug|x86.Build.0 = Debug|Any CPU
		{6186F128-CAED-477E-A5A3-E3D7B50F19FE}.Release|Any CPU.ActiveCfg = Release|Any CPU
		{6186F128-CAED-477E-A5A3-E3D7B50F19FE}.Release|Any CPU.Build.0 = Release|Any CPU
		{6186F128-CAED-477E-A5A3-E3D7B50F19FE}.Release|x64.ActiveCfg = Release|Any CPU
		{6186F128-CAED-477E-A5A3-E3D7B50F19FE}.Release|x64.Build.0 = Release|Any CPU
		{6186F128-CAED-477E-A5A3-E3D7B50F19FE}.Release|x86.ActiveCfg = Release|Any CPU
		{6186F128-CAED-477E-A5A3-E3D7B50F19FE}.Release|x86.Build.0 = Release|Any CPU
		{225A9E49-1F60-403A-9405-C6E578097126}.Debug|Any CPU.ActiveCfg = Debug|Any CPU
		{225A9E49-1F60-403A-9405-C6E578097126}.Debug|Any CPU.Build.0 = Debug|Any CPU
		{225A9E49-1F60-403A-9405-C6E578097126}.Debug|x64.ActiveCfg = Debug|Any CPU
		{225A9E49-1F60-403A-9405-C6E578097126}.Debug|x64.Build.0 = Debug|Any CPU
		{225A9E49-1F60-403A-9405-C6E578097126}.Debug|x86.ActiveCfg = Debug|Any CPU
		{225A9E49-1F60-403A-9405-C6E578097126}.Debug|x86.Build.0 = Debug|Any CPU
		{225A9E49-1F60-403A-9405-C6E578097126}.Release|Any CPU.ActiveCfg = Release|Any CPU
		{225A9E49-1F60-403A-9405-C6E578097126}.Release|Any CPU.Build.0 = Release|Any CPU
		{225A9E49-1F60-403A-9405-C6E578097126}.Release|x64.ActiveCfg = Release|Any CPU
		{225A9E49-1F60-403A-9405-C6E578097126}.Release|x64.Build.0 = Release|Any CPU
		{225A9E49-1F60-403A-9405-C6E578097126}.Release|x86.ActiveCfg = Release|Any CPU
		{225A9E49-1F60-403A-9405-C6E578097126}.Release|x86.Build.0 = Release|Any CPU
		{B963EC18-FDE8-4164-B07B-443C818DCC74}.Debug|Any CPU.ActiveCfg = Debug|Any CPU
		{B963EC18-FDE8-4164-B07B-443C818DCC74}.Debug|Any CPU.Build.0 = Debug|Any CPU
		{B963EC18-FDE8-4164-B07B-443C818DCC74}.Debug|x64.ActiveCfg = Debug|Any CPU
		{B963EC18-FDE8-4164-B07B-443C818DCC74}.Debug|x64.Build.0 = Debug|Any CPU
		{B963EC18-FDE8-4164-B07B-443C818DCC74}.Debug|x86.ActiveCfg = Debug|Any CPU
		{B963EC18-FDE8-4164-B07B-443C818DCC74}.Debug|x86.Build.0 = Debug|Any CPU
		{B963EC18-FDE8-4164-B07B-443C818DCC74}.Release|Any CPU.ActiveCfg = Release|Any CPU
		{B963EC18-FDE8-4164-B07B-443C818DCC74}.Release|Any CPU.Build.0 = Release|Any CPU
		{B963EC18-FDE8-4164-B07B-443C818DCC74}.Release|x64.ActiveCfg = Release|Any CPU
		{B963EC18-FDE8-4164-B07B-443C818DCC74}.Release|x64.Build.0 = Release|Any CPU
		{B963EC18-FDE8-4164-B07B-443C818DCC74}.Release|x86.ActiveCfg = Release|Any CPU
		{B963EC18-FDE8-4164-B07B-443C818DCC74}.Release|x86.Build.0 = Release|Any CPU
		{FE3FB16C-A9D9-4F69-BD56-6FEE8D80C7AF}.Debug|Any CPU.ActiveCfg = Debug|Any CPU
		{FE3FB16C-A9D9-4F69-BD56-6FEE8D80C7AF}.Debug|Any CPU.Build.0 = Debug|Any CPU
		{FE3FB16C-A9D9-4F69-BD56-6FEE8D80C7AF}.Debug|x64.ActiveCfg = Debug|Any CPU
		{FE3FB16C-A9D9-4F69-BD56-6FEE8D80C7AF}.Debug|x64.Build.0 = Debug|Any CPU
		{FE3FB16C-A9D9-4F69-BD56-6FEE8D80C7AF}.Debug|x86.ActiveCfg = Debug|Any CPU
		{FE3FB16C-A9D9-4F69-BD56-6FEE8D80C7AF}.Debug|x86.Build.0 = Debug|Any CPU
		{FE3FB16C-A9D9-4F69-BD56-6FEE8D80C7AF}.Release|Any CPU.ActiveCfg = Release|Any CPU
		{FE3FB16C-A9D9-4F69-BD56-6FEE8D80C7AF}.Release|Any CPU.Build.0 = Release|Any CPU
		{FE3FB16C-A9D9-4F69-BD56-6FEE8D80C7AF}.Release|x64.ActiveCfg = Release|Any CPU
		{FE3FB16C-A9D9-4F69-BD56-6FEE8D80C7AF}.Release|x64.Build.0 = Release|Any CPU
		{FE3FB16C-A9D9-4F69-BD56-6FEE8D80C7AF}.Release|x86.ActiveCfg = Release|Any CPU
		{FE3FB16C-A9D9-4F69-BD56-6FEE8D80C7AF}.Release|x86.Build.0 = Release|Any CPU
		{2F19F20D-1C10-41A9-9711-E882ECF9A872}.Debug|Any CPU.ActiveCfg = Debug|Any CPU
		{2F19F20D-1C10-41A9-9711-E882ECF9A872}.Debug|Any CPU.Build.0 = Debug|Any CPU
		{2F19F20D-1C10-41A9-9711-E882ECF9A872}.Debug|x64.ActiveCfg = Debug|Any CPU
		{2F19F20D-1C10-41A9-9711-E882ECF9A872}.Debug|x64.Build.0 = Debug|Any CPU
		{2F19F20D-1C10-41A9-9711-E882ECF9A872}.Debug|x86.ActiveCfg = Debug|Any CPU
		{2F19F20D-1C10-41A9-9711-E882ECF9A872}.Debug|x86.Build.0 = Debug|Any CPU
		{2F19F20D-1C10-41A9-9711-E882ECF9A872}.Release|Any CPU.ActiveCfg = Release|Any CPU
		{2F19F20D-1C10-41A9-9711-E882ECF9A872}.Release|Any CPU.Build.0 = Release|Any CPU
		{2F19F20D-1C10-41A9-9711-E882ECF9A872}.Release|x64.ActiveCfg = Release|Any CPU
		{2F19F20D-1C10-41A9-9711-E882ECF9A872}.Release|x64.Build.0 = Release|Any CPU
		{2F19F20D-1C10-41A9-9711-E882ECF9A872}.Release|x86.ActiveCfg = Release|Any CPU
		{2F19F20D-1C10-41A9-9711-E882ECF9A872}.Release|x86.Build.0 = Release|Any CPU
		{48137C82-14E7-4183-A253-7002AE538830}.Debug|Any CPU.ActiveCfg = Debug|Any CPU
		{48137C82-14E7-4183-A253-7002AE538830}.Debug|Any CPU.Build.0 = Debug|Any CPU
		{48137C82-14E7-4183-A253-7002AE538830}.Debug|x64.ActiveCfg = Debug|Any CPU
		{48137C82-14E7-4183-A253-7002AE538830}.Debug|x64.Build.0 = Debug|Any CPU
		{48137C82-14E7-4183-A253-7002AE538830}.Debug|x86.ActiveCfg = Debug|Any CPU
		{48137C82-14E7-4183-A253-7002AE538830}.Debug|x86.Build.0 = Debug|Any CPU
		{48137C82-14E7-4183-A253-7002AE538830}.Release|Any CPU.ActiveCfg = Release|Any CPU
		{48137C82-14E7-4183-A253-7002AE538830}.Release|Any CPU.Build.0 = Release|Any CPU
		{48137C82-14E7-4183-A253-7002AE538830}.Release|x64.ActiveCfg = Release|Any CPU
		{48137C82-14E7-4183-A253-7002AE538830}.Release|x64.Build.0 = Release|Any CPU
		{48137C82-14E7-4183-A253-7002AE538830}.Release|x86.ActiveCfg = Release|Any CPU
		{48137C82-14E7-4183-A253-7002AE538830}.Release|x86.Build.0 = Release|Any CPU
		{AFB5CBBF-C607-4830-B28C-033C298FD0DA}.Debug|Any CPU.ActiveCfg = Debug|Any CPU
		{AFB5CBBF-C607-4830-B28C-033C298FD0DA}.Debug|Any CPU.Build.0 = Debug|Any CPU
		{AFB5CBBF-C607-4830-B28C-033C298FD0DA}.Debug|x64.ActiveCfg = Debug|Any CPU
		{AFB5CBBF-C607-4830-B28C-033C298FD0DA}.Debug|x64.Build.0 = Debug|Any CPU
		{AFB5CBBF-C607-4830-B28C-033C298FD0DA}.Debug|x86.ActiveCfg = Debug|Any CPU
		{AFB5CBBF-C607-4830-B28C-033C298FD0DA}.Debug|x86.Build.0 = Debug|Any CPU
		{AFB5CBBF-C607-4830-B28C-033C298FD0DA}.Release|Any CPU.ActiveCfg = Release|Any CPU
		{AFB5CBBF-C607-4830-B28C-033C298FD0DA}.Release|Any CPU.Build.0 = Release|Any CPU
		{AFB5CBBF-C607-4830-B28C-033C298FD0DA}.Release|x64.ActiveCfg = Release|Any CPU
		{AFB5CBBF-C607-4830-B28C-033C298FD0DA}.Release|x64.Build.0 = Release|Any CPU
		{AFB5CBBF-C607-4830-B28C-033C298FD0DA}.Release|x86.ActiveCfg = Release|Any CPU
		{AFB5CBBF-C607-4830-B28C-033C298FD0DA}.Release|x86.Build.0 = Release|Any CPU
		{D0477EA0-2A7E-4A7A-B2C6-E29926D85EE3}.Debug|Any CPU.ActiveCfg = Debug|Any CPU
		{D0477EA0-2A7E-4A7A-B2C6-E29926D85EE3}.Debug|Any CPU.Build.0 = Debug|Any CPU
		{D0477EA0-2A7E-4A7A-B2C6-E29926D85EE3}.Debug|x64.ActiveCfg = Debug|Any CPU
		{D0477EA0-2A7E-4A7A-B2C6-E29926D85EE3}.Debug|x64.Build.0 = Debug|Any CPU
		{D0477EA0-2A7E-4A7A-B2C6-E29926D85EE3}.Debug|x86.ActiveCfg = Debug|Any CPU
		{D0477EA0-2A7E-4A7A-B2C6-E29926D85EE3}.Debug|x86.Build.0 = Debug|Any CPU
		{D0477EA0-2A7E-4A7A-B2C6-E29926D85EE3}.Release|Any CPU.ActiveCfg = Release|Any CPU
		{D0477EA0-2A7E-4A7A-B2C6-E29926D85EE3}.Release|Any CPU.Build.0 = Release|Any CPU
		{D0477EA0-2A7E-4A7A-B2C6-E29926D85EE3}.Release|x64.ActiveCfg = Release|Any CPU
		{D0477EA0-2A7E-4A7A-B2C6-E29926D85EE3}.Release|x64.Build.0 = Release|Any CPU
		{D0477EA0-2A7E-4A7A-B2C6-E29926D85EE3}.Release|x86.ActiveCfg = Release|Any CPU
		{D0477EA0-2A7E-4A7A-B2C6-E29926D85EE3}.Release|x86.Build.0 = Release|Any CPU
		{48BFE69F-73AE-4567-9812-2A65B2271500}.Debug|Any CPU.ActiveCfg = Debug|Any CPU
		{48BFE69F-73AE-4567-9812-2A65B2271500}.Debug|Any CPU.Build.0 = Debug|Any CPU
		{48BFE69F-73AE-4567-9812-2A65B2271500}.Debug|x64.ActiveCfg = Debug|Any CPU
		{48BFE69F-73AE-4567-9812-2A65B2271500}.Debug|x64.Build.0 = Debug|Any CPU
		{48BFE69F-73AE-4567-9812-2A65B2271500}.Debug|x86.ActiveCfg = Debug|Any CPU
		{48BFE69F-73AE-4567-9812-2A65B2271500}.Debug|x86.Build.0 = Debug|Any CPU
		{48BFE69F-73AE-4567-9812-2A65B2271500}.Release|Any CPU.ActiveCfg = Release|Any CPU
		{48BFE69F-73AE-4567-9812-2A65B2271500}.Release|Any CPU.Build.0 = Release|Any CPU
		{48BFE69F-73AE-4567-9812-2A65B2271500}.Release|x64.ActiveCfg = Release|Any CPU
		{48BFE69F-73AE-4567-9812-2A65B2271500}.Release|x64.Build.0 = Release|Any CPU
		{48BFE69F-73AE-4567-9812-2A65B2271500}.Release|x86.ActiveCfg = Release|Any CPU
		{48BFE69F-73AE-4567-9812-2A65B2271500}.Release|x86.Build.0 = Release|Any CPU
		{7B1B2166-E8E6-4775-A51A-D9AEF19BF1DD}.Debug|Any CPU.ActiveCfg = Debug|Any CPU
		{7B1B2166-E8E6-4775-A51A-D9AEF19BF1DD}.Debug|Any CPU.Build.0 = Debug|Any CPU
		{7B1B2166-E8E6-4775-A51A-D9AEF19BF1DD}.Debug|x64.ActiveCfg = Debug|Any CPU
		{7B1B2166-E8E6-4775-A51A-D9AEF19BF1DD}.Debug|x64.Build.0 = Debug|Any CPU
		{7B1B2166-E8E6-4775-A51A-D9AEF19BF1DD}.Debug|x86.ActiveCfg = Debug|Any CPU
		{7B1B2166-E8E6-4775-A51A-D9AEF19BF1DD}.Debug|x86.Build.0 = Debug|Any CPU
		{7B1B2166-E8E6-4775-A51A-D9AEF19BF1DD}.Release|Any CPU.ActiveCfg = Release|Any CPU
		{7B1B2166-E8E6-4775-A51A-D9AEF19BF1DD}.Release|Any CPU.Build.0 = Release|Any CPU
		{7B1B2166-E8E6-4775-A51A-D9AEF19BF1DD}.Release|x64.ActiveCfg = Release|Any CPU
		{7B1B2166-E8E6-4775-A51A-D9AEF19BF1DD}.Release|x64.Build.0 = Release|Any CPU
		{7B1B2166-E8E6-4775-A51A-D9AEF19BF1DD}.Release|x86.ActiveCfg = Release|Any CPU
		{7B1B2166-E8E6-4775-A51A-D9AEF19BF1DD}.Release|x86.Build.0 = Release|Any CPU
		{155A39F6-F18C-416F-BE86-A41E7F33C4E3}.Debug|Any CPU.ActiveCfg = Debug|Any CPU
		{155A39F6-F18C-416F-BE86-A41E7F33C4E3}.Debug|Any CPU.Build.0 = Debug|Any CPU
		{155A39F6-F18C-416F-BE86-A41E7F33C4E3}.Debug|x64.ActiveCfg = Debug|Any CPU
		{155A39F6-F18C-416F-BE86-A41E7F33C4E3}.Debug|x64.Build.0 = Debug|Any CPU
		{155A39F6-F18C-416F-BE86-A41E7F33C4E3}.Debug|x86.ActiveCfg = Debug|Any CPU
		{155A39F6-F18C-416F-BE86-A41E7F33C4E3}.Debug|x86.Build.0 = Debug|Any CPU
		{155A39F6-F18C-416F-BE86-A41E7F33C4E3}.Release|Any CPU.ActiveCfg = Release|Any CPU
		{155A39F6-F18C-416F-BE86-A41E7F33C4E3}.Release|Any CPU.Build.0 = Release|Any CPU
		{155A39F6-F18C-416F-BE86-A41E7F33C4E3}.Release|x64.ActiveCfg = Release|Any CPU
		{155A39F6-F18C-416F-BE86-A41E7F33C4E3}.Release|x64.Build.0 = Release|Any CPU
		{155A39F6-F18C-416F-BE86-A41E7F33C4E3}.Release|x86.ActiveCfg = Release|Any CPU
		{155A39F6-F18C-416F-BE86-A41E7F33C4E3}.Release|x86.Build.0 = Release|Any CPU
		{380DF441-AA67-4D4E-B362-A05D22FB0309}.Debug|Any CPU.ActiveCfg = Debug|Any CPU
		{380DF441-AA67-4D4E-B362-A05D22FB0309}.Debug|Any CPU.Build.0 = Debug|Any CPU
		{380DF441-AA67-4D4E-B362-A05D22FB0309}.Debug|x64.ActiveCfg = Debug|Any CPU
		{380DF441-AA67-4D4E-B362-A05D22FB0309}.Debug|x64.Build.0 = Debug|Any CPU
		{380DF441-AA67-4D4E-B362-A05D22FB0309}.Debug|x86.ActiveCfg = Debug|Any CPU
		{380DF441-AA67-4D4E-B362-A05D22FB0309}.Debug|x86.Build.0 = Debug|Any CPU
		{380DF441-AA67-4D4E-B362-A05D22FB0309}.Release|Any CPU.ActiveCfg = Release|Any CPU
		{380DF441-AA67-4D4E-B362-A05D22FB0309}.Release|Any CPU.Build.0 = Release|Any CPU
		{380DF441-AA67-4D4E-B362-A05D22FB0309}.Release|x64.ActiveCfg = Release|Any CPU
		{380DF441-AA67-4D4E-B362-A05D22FB0309}.Release|x64.Build.0 = Release|Any CPU
		{380DF441-AA67-4D4E-B362-A05D22FB0309}.Release|x86.ActiveCfg = Release|Any CPU
		{380DF441-AA67-4D4E-B362-A05D22FB0309}.Release|x86.Build.0 = Release|Any CPU
		{FF2A5A52-F379-4B78-B7F2-84040FCC5E6A}.Debug|Any CPU.ActiveCfg = Debug|Any CPU
		{FF2A5A52-F379-4B78-B7F2-84040FCC5E6A}.Debug|Any CPU.Build.0 = Debug|Any CPU
		{FF2A5A52-F379-4B78-B7F2-84040FCC5E6A}.Debug|x64.ActiveCfg = Debug|Any CPU
		{FF2A5A52-F379-4B78-B7F2-84040FCC5E6A}.Debug|x64.Build.0 = Debug|Any CPU
		{FF2A5A52-F379-4B78-B7F2-84040FCC5E6A}.Debug|x86.ActiveCfg = Debug|Any CPU
		{FF2A5A52-F379-4B78-B7F2-84040FCC5E6A}.Debug|x86.Build.0 = Debug|Any CPU
		{FF2A5A52-F379-4B78-B7F2-84040FCC5E6A}.Release|Any CPU.ActiveCfg = Release|Any CPU
		{FF2A5A52-F379-4B78-B7F2-84040FCC5E6A}.Release|Any CPU.Build.0 = Release|Any CPU
		{FF2A5A52-F379-4B78-B7F2-84040FCC5E6A}.Release|x64.ActiveCfg = Release|Any CPU
		{FF2A5A52-F379-4B78-B7F2-84040FCC5E6A}.Release|x64.Build.0 = Release|Any CPU
		{FF2A5A52-F379-4B78-B7F2-84040FCC5E6A}.Release|x86.ActiveCfg = Release|Any CPU
		{FF2A5A52-F379-4B78-B7F2-84040FCC5E6A}.Release|x86.Build.0 = Release|Any CPU
		{5C53820D-CDE2-4E19-8BBA-4435A06EE5DD}.Debug|Any CPU.ActiveCfg = Debug|Any CPU
		{5C53820D-CDE2-4E19-8BBA-4435A06EE5DD}.Debug|Any CPU.Build.0 = Debug|Any CPU
		{5C53820D-CDE2-4E19-8BBA-4435A06EE5DD}.Debug|x64.ActiveCfg = Debug|Any CPU
		{5C53820D-CDE2-4E19-8BBA-4435A06EE5DD}.Debug|x64.Build.0 = Debug|Any CPU
		{5C53820D-CDE2-4E19-8BBA-4435A06EE5DD}.Debug|x86.ActiveCfg = Debug|Any CPU
		{5C53820D-CDE2-4E19-8BBA-4435A06EE5DD}.Debug|x86.Build.0 = Debug|Any CPU
		{5C53820D-CDE2-4E19-8BBA-4435A06EE5DD}.Release|Any CPU.ActiveCfg = Release|Any CPU
		{5C53820D-CDE2-4E19-8BBA-4435A06EE5DD}.Release|Any CPU.Build.0 = Release|Any CPU
		{5C53820D-CDE2-4E19-8BBA-4435A06EE5DD}.Release|x64.ActiveCfg = Release|Any CPU
		{5C53820D-CDE2-4E19-8BBA-4435A06EE5DD}.Release|x64.Build.0 = Release|Any CPU
		{5C53820D-CDE2-4E19-8BBA-4435A06EE5DD}.Release|x86.ActiveCfg = Release|Any CPU
		{5C53820D-CDE2-4E19-8BBA-4435A06EE5DD}.Release|x86.Build.0 = Release|Any CPU
		{0B438D45-CC81-4E94-953A-99626175EBE5}.Debug|Any CPU.ActiveCfg = Debug|Any CPU
		{0B438D45-CC81-4E94-953A-99626175EBE5}.Debug|Any CPU.Build.0 = Debug|Any CPU
		{0B438D45-CC81-4E94-953A-99626175EBE5}.Debug|x64.ActiveCfg = Debug|Any CPU
		{0B438D45-CC81-4E94-953A-99626175EBE5}.Debug|x64.Build.0 = Debug|Any CPU
		{0B438D45-CC81-4E94-953A-99626175EBE5}.Debug|x86.ActiveCfg = Debug|Any CPU
		{0B438D45-CC81-4E94-953A-99626175EBE5}.Debug|x86.Build.0 = Debug|Any CPU
		{0B438D45-CC81-4E94-953A-99626175EBE5}.Release|Any CPU.ActiveCfg = Release|Any CPU
		{0B438D45-CC81-4E94-953A-99626175EBE5}.Release|Any CPU.Build.0 = Release|Any CPU
		{0B438D45-CC81-4E94-953A-99626175EBE5}.Release|x64.ActiveCfg = Release|Any CPU
		{0B438D45-CC81-4E94-953A-99626175EBE5}.Release|x64.Build.0 = Release|Any CPU
		{0B438D45-CC81-4E94-953A-99626175EBE5}.Release|x86.ActiveCfg = Release|Any CPU
		{0B438D45-CC81-4E94-953A-99626175EBE5}.Release|x86.Build.0 = Release|Any CPU
		{8BF4960A-D0C0-4A83-8B44-A81B199BF1DB}.Debug|Any CPU.ActiveCfg = Debug|Any CPU
		{8BF4960A-D0C0-4A83-8B44-A81B199BF1DB}.Debug|Any CPU.Build.0 = Debug|Any CPU
		{8BF4960A-D0C0-4A83-8B44-A81B199BF1DB}.Debug|x64.ActiveCfg = Debug|Any CPU
		{8BF4960A-D0C0-4A83-8B44-A81B199BF1DB}.Debug|x64.Build.0 = Debug|Any CPU
		{8BF4960A-D0C0-4A83-8B44-A81B199BF1DB}.Debug|x86.ActiveCfg = Debug|Any CPU
		{8BF4960A-D0C0-4A83-8B44-A81B199BF1DB}.Debug|x86.Build.0 = Debug|Any CPU
		{8BF4960A-D0C0-4A83-8B44-A81B199BF1DB}.Release|Any CPU.ActiveCfg = Release|Any CPU
		{8BF4960A-D0C0-4A83-8B44-A81B199BF1DB}.Release|Any CPU.Build.0 = Release|Any CPU
		{8BF4960A-D0C0-4A83-8B44-A81B199BF1DB}.Release|x64.ActiveCfg = Release|Any CPU
		{8BF4960A-D0C0-4A83-8B44-A81B199BF1DB}.Release|x64.Build.0 = Release|Any CPU
		{8BF4960A-D0C0-4A83-8B44-A81B199BF1DB}.Release|x86.ActiveCfg = Release|Any CPU
		{8BF4960A-D0C0-4A83-8B44-A81B199BF1DB}.Release|x86.Build.0 = Release|Any CPU
		{76B4FC5C-D3B4-4FE5-878E-3C6B824B3DD0}.Debug|Any CPU.ActiveCfg = Debug|Any CPU
		{76B4FC5C-D3B4-4FE5-878E-3C6B824B3DD0}.Debug|Any CPU.Build.0 = Debug|Any CPU
		{76B4FC5C-D3B4-4FE5-878E-3C6B824B3DD0}.Debug|x64.ActiveCfg = Debug|Any CPU
		{76B4FC5C-D3B4-4FE5-878E-3C6B824B3DD0}.Debug|x64.Build.0 = Debug|Any CPU
		{76B4FC5C-D3B4-4FE5-878E-3C6B824B3DD0}.Debug|x86.ActiveCfg = Debug|Any CPU
		{76B4FC5C-D3B4-4FE5-878E-3C6B824B3DD0}.Debug|x86.Build.0 = Debug|Any CPU
		{76B4FC5C-D3B4-4FE5-878E-3C6B824B3DD0}.Release|Any CPU.ActiveCfg = Release|Any CPU
		{76B4FC5C-D3B4-4FE5-878E-3C6B824B3DD0}.Release|Any CPU.Build.0 = Release|Any CPU
		{76B4FC5C-D3B4-4FE5-878E-3C6B824B3DD0}.Release|x64.ActiveCfg = Release|Any CPU
		{76B4FC5C-D3B4-4FE5-878E-3C6B824B3DD0}.Release|x64.Build.0 = Release|Any CPU
		{76B4FC5C-D3B4-4FE5-878E-3C6B824B3DD0}.Release|x86.ActiveCfg = Release|Any CPU
		{76B4FC5C-D3B4-4FE5-878E-3C6B824B3DD0}.Release|x86.Build.0 = Release|Any CPU
		{C855C11E-DA99-4476-92EE-1EF776B03CC4}.Debug|Any CPU.ActiveCfg = Debug|Any CPU
		{C855C11E-DA99-4476-92EE-1EF776B03CC4}.Debug|Any CPU.Build.0 = Debug|Any CPU
		{C855C11E-DA99-4476-92EE-1EF776B03CC4}.Debug|x64.ActiveCfg = Debug|Any CPU
		{C855C11E-DA99-4476-92EE-1EF776B03CC4}.Debug|x64.Build.0 = Debug|Any CPU
		{C855C11E-DA99-4476-92EE-1EF776B03CC4}.Debug|x86.ActiveCfg = Debug|Any CPU
		{C855C11E-DA99-4476-92EE-1EF776B03CC4}.Debug|x86.Build.0 = Debug|Any CPU
		{C855C11E-DA99-4476-92EE-1EF776B03CC4}.Release|Any CPU.ActiveCfg = Release|Any CPU
		{C855C11E-DA99-4476-92EE-1EF776B03CC4}.Release|Any CPU.Build.0 = Release|Any CPU
		{C855C11E-DA99-4476-92EE-1EF776B03CC4}.Release|x64.ActiveCfg = Release|Any CPU
		{C855C11E-DA99-4476-92EE-1EF776B03CC4}.Release|x64.Build.0 = Release|Any CPU
		{C855C11E-DA99-4476-92EE-1EF776B03CC4}.Release|x86.ActiveCfg = Release|Any CPU
		{C855C11E-DA99-4476-92EE-1EF776B03CC4}.Release|x86.Build.0 = Release|Any CPU
		{138AB8E9-7DE1-4528-AAAB-004A85753DFA}.Debug|Any CPU.ActiveCfg = Debug|Any CPU
		{138AB8E9-7DE1-4528-AAAB-004A85753DFA}.Debug|Any CPU.Build.0 = Debug|Any CPU
		{138AB8E9-7DE1-4528-AAAB-004A85753DFA}.Debug|x64.ActiveCfg = Debug|Any CPU
		{138AB8E9-7DE1-4528-AAAB-004A85753DFA}.Debug|x64.Build.0 = Debug|Any CPU
		{138AB8E9-7DE1-4528-AAAB-004A85753DFA}.Debug|x86.ActiveCfg = Debug|Any CPU
		{138AB8E9-7DE1-4528-AAAB-004A85753DFA}.Debug|x86.Build.0 = Debug|Any CPU
		{138AB8E9-7DE1-4528-AAAB-004A85753DFA}.Release|Any CPU.ActiveCfg = Release|Any CPU
		{138AB8E9-7DE1-4528-AAAB-004A85753DFA}.Release|Any CPU.Build.0 = Release|Any CPU
		{138AB8E9-7DE1-4528-AAAB-004A85753DFA}.Release|x64.ActiveCfg = Release|Any CPU
		{138AB8E9-7DE1-4528-AAAB-004A85753DFA}.Release|x64.Build.0 = Release|Any CPU
		{138AB8E9-7DE1-4528-AAAB-004A85753DFA}.Release|x86.ActiveCfg = Release|Any CPU
		{138AB8E9-7DE1-4528-AAAB-004A85753DFA}.Release|x86.Build.0 = Release|Any CPU
	EndGlobalSection
	GlobalSection(SolutionProperties) = preSolution
		HideSolutionNode = FALSE
	EndGlobalSection
	GlobalSection(NestedProjects) = preSolution
		{4CB77D8E-DD70-481F-B7C5-639A66809AC9} = {1E149DA3-0A5A-41A3-809B-EC9546336F8F}
		{32CA1D58-7BE4-4215-9FBD-6B8A1F758803} = {1E149DA3-0A5A-41A3-809B-EC9546336F8F}
		{8D2C0A15-732A-4D30-8171-EAB91E005F48} = {1E149DA3-0A5A-41A3-809B-EC9546336F8F}
		{AD868687-C27D-41E4-BA37-464E1513008C} = {1E149DA3-0A5A-41A3-809B-EC9546336F8F}
		{F47A3C18-D996-41C0-988D-901B782F0892} = {3D5ADBC7-89F4-4C08-8CC0-809D87FA152A}
		{7A4E8BA7-9F67-4055-8D6B-34A4FB824F56} = {3D5ADBC7-89F4-4C08-8CC0-809D87FA152A}
		{F4F0397E-71BC-4A00-91EA-619872B992B1} = {3D5ADBC7-89F4-4C08-8CC0-809D87FA152A}
		{D11EBE09-C8F3-4168-97CD-8D64E764A780} = {3D5ADBC7-89F4-4C08-8CC0-809D87FA152A}
		{FA95E536-75D1-4346-963E-920DDA0B5146} = {C3ACFC91-515E-4229-9CF5-1D12FBF14CF3}
		{63BE407B-6A77-4453-A476-8976AF0532C6} = {C3ACFC91-515E-4229-9CF5-1D12FBF14CF3}
		{41C69096-04E9-45F4-AFCF-C9359C11DA93} = {C3ACFC91-515E-4229-9CF5-1D12FBF14CF3}
		{8630CEE5-CAA9-42A2-BBEE-22937D5C1AD0} = {C3ACFC91-515E-4229-9CF5-1D12FBF14CF3}
		{2BA6AC78-7778-493D-8A71-30ED71401C7C} = {AAF4FB3E-29B8-4A42-89AD-CA7687FC0A79}
		{C82069A2-B682-46B4-88D8-541E3D28A503} = {AAF4FB3E-29B8-4A42-89AD-CA7687FC0A79}
		{6186F128-CAED-477E-A5A3-E3D7B50F19FE} = {AAF4FB3E-29B8-4A42-89AD-CA7687FC0A79}
		{225A9E49-1F60-403A-9405-C6E578097126} = {AAF4FB3E-29B8-4A42-89AD-CA7687FC0A79}
		{B963EC18-FDE8-4164-B07B-443C818DCC74} = {238D8300-836A-40F0-B0FE-FBF9A862085B}
		{FE3FB16C-A9D9-4F69-BD56-6FEE8D80C7AF} = {238D8300-836A-40F0-B0FE-FBF9A862085B}
		{2F19F20D-1C10-41A9-9711-E882ECF9A872} = {238D8300-836A-40F0-B0FE-FBF9A862085B}
		{48137C82-14E7-4183-A253-7002AE538830} = {238D8300-836A-40F0-B0FE-FBF9A862085B}
		{AFB5CBBF-C607-4830-B28C-033C298FD0DA} = {0AFA0D3C-B383-4D62-BB98-B41AB1113CE5}
		{D0477EA0-2A7E-4A7A-B2C6-E29926D85EE3} = {0AFA0D3C-B383-4D62-BB98-B41AB1113CE5}
		{48BFE69F-73AE-4567-9812-2A65B2271500} = {0AFA0D3C-B383-4D62-BB98-B41AB1113CE5}
		{7B1B2166-E8E6-4775-A51A-D9AEF19BF1DD} = {0AFA0D3C-B383-4D62-BB98-B41AB1113CE5}
		{155A39F6-F18C-416F-BE86-A41E7F33C4E3} = {0AFA0D3C-B383-4D62-BB98-B41AB1113CE5}
		{380DF441-AA67-4D4E-B362-A05D22FB0309} = {0AFA0D3C-B383-4D62-BB98-B41AB1113CE5}
		{FF2A5A52-F379-4B78-B7F2-84040FCC5E6A} = {0AFA0D3C-B383-4D62-BB98-B41AB1113CE5}
		{5C53820D-CDE2-4E19-8BBA-4435A06EE5DD} = {0AFA0D3C-B383-4D62-BB98-B41AB1113CE5}
		{0B438D45-CC81-4E94-953A-99626175EBE5} = {0AFA0D3C-B383-4D62-BB98-B41AB1113CE5}
		{8BF4960A-D0C0-4A83-8B44-A81B199BF1DB} = {0AFA0D3C-B383-4D62-BB98-B41AB1113CE5}
		{76B4FC5C-D3B4-4FE5-878E-3C6B824B3DD0} = {3D5ADBC7-89F4-4C08-8CC0-809D87FA152A}
		{C855C11E-DA99-4476-92EE-1EF776B03CC4} = {1E149DA3-0A5A-41A3-809B-EC9546336F8F}
		{138AB8E9-7DE1-4528-AAAB-004A85753DFA} = {1E149DA3-0A5A-41A3-809B-EC9546336F8F}
	EndGlobalSection
	GlobalSection(ExtensibilityGlobals) = postSolution
		SolutionGuid = {EE5A6A54-C5FC-423B-88B0-E891CDC68C46}
	EndGlobalSection
EndGlobal
